
Microsoft Visual Studio Solution File, Format Version 12.00
# Visual Studio 15
VisualStudioVersion = 15.0.27130.2010
MinimumVisualStudioVersion = 10.0.40219.1
Project("{FAE04EC0-301F-11D3-BF4B-00C04F79EFBC}") = "MessageService", "MessageService\MessageService.csproj", "{B9E8537D-4582-4BC5-8359-4A8479D753FC}"
EndProject
Project("{FAE04EC0-301F-11D3-BF4B-00C04F79EFBC}") = "MessageService.Interfaces", "MessageService.Interfaces\MessageService.Interfaces.csproj", "{738D767A-A047-4896-BE8D-7EC65323AFD9}"
EndProject
Project("{FAE04EC0-301F-11D3-BF4B-00C04F79EFBC}") = "MessageService.Client", "MessageService.Client\MessageService.Client.csproj", "{185CA554-5B1B-40A4-B353-BB4BCCAEAFCD}"
EndProject
Project("{FAE04EC0-301F-11D3-BF4B-00C04F79EFBC}") = "MessageService.Client.Tests", "MessageService.Client.Tests\MessageService.Client.Tests.csproj", "{DCB39944-CA25-4135-B525-502058C4896E}"
EndProject
Global
	GlobalSection(SolutionConfigurationPlatforms) = preSolution
		Debug|Any CPU = Debug|Any CPU
		Release|Any CPU = Release|Any CPU
	EndGlobalSection
	GlobalSection(ProjectConfigurationPlatforms) = postSolution
		{B9E8537D-4582-4BC5-8359-4A8479D753FC}.Debug|Any CPU.ActiveCfg = Debug|Any CPU
		{B9E8537D-4582-4BC5-8359-4A8479D753FC}.Debug|Any CPU.Build.0 = Debug|Any CPU
		{B9E8537D-4582-4BC5-8359-4A8479D753FC}.Release|Any CPU.ActiveCfg = Release|Any CPU
		{B9E8537D-4582-4BC5-8359-4A8479D753FC}.Release|Any CPU.Build.0 = Release|Any CPU
		{738D767A-A047-4896-BE8D-7EC65323AFD9}.Debug|Any CPU.ActiveCfg = Debug|Any CPU
		{738D767A-A047-4896-BE8D-7EC65323AFD9}.Debug|Any CPU.Build.0 = Debug|Any CPU
		{738D767A-A047-4896-BE8D-7EC65323AFD9}.Release|Any CPU.ActiveCfg = Release|Any CPU
		{738D767A-A047-4896-BE8D-7EC65323AFD9}.Release|Any CPU.Build.0 = Release|Any CPU
		{185CA554-5B1B-40A4-B353-BB4BCCAEAFCD}.Debug|Any CPU.ActiveCfg = Debug|Any CPU
		{185CA554-5B1B-40A4-B353-BB4BCCAEAFCD}.Debug|Any CPU.Build.0 = Debug|Any CPU
		{185CA554-5B1B-40A4-B353-BB4BCCAEAFCD}.Release|Any CPU.ActiveCfg = Release|Any CPU
		{185CA554-5B1B-40A4-B353-BB4BCCAEAFCD}.Release|Any CPU.Build.0 = Release|Any CPU
		{DCB39944-CA25-4135-B525-502058C4896E}.Debug|Any CPU.ActiveCfg = Debug|Any CPU
		{DCB39944-CA25-4135-B525-502058C4896E}.Debug|Any CPU.Build.0 = Debug|Any CPU
		{DCB39944-CA25-4135-B525-502058C4896E}.Release|Any CPU.ActiveCfg = Release|Any CPU
		{DCB39944-CA25-4135-B525-502058C4896E}.Release|Any CPU.Build.0 = Release|Any CPU
	EndGlobalSection
	GlobalSection(SolutionProperties) = preSolution
		HideSolutionNode = FALSE
	EndGlobalSection
	GlobalSection(ExtensibilityGlobals) = postSolution
		SolutionGuid = {E32593C2-FD76-4773-8612-98724E503FE2}
	EndGlobalSection
EndGlobal
